
Microsoft Visual Studio Solution File, Format Version 12.00
# Visual Studio 15
VisualStudioVersion = 15.0.28307.489
MinimumVisualStudioVersion = 10.0.40219.1
Project("{FAE04EC0-301F-11D3-BF4B-00C04F79EFBC}") = "OdeToFood", "OdeToFood\OdeToFood.csproj", "{1E321DCF-CABE-411B-B64A-EB489970BBBB}"
EndProject
Global
	GlobalSection(SolutionConfigurationPlatforms) = preSolution
		Debug|Any CPU = Debug|Any CPU
		Release|Any CPU = Release|Any CPU
	EndGlobalSection
	GlobalSection(ProjectConfigurationPlatforms) = postSolution
		{1E321DCF-CABE-411B-B64A-EB489970BBBB}.Debug|Any CPU.ActiveCfg = Debug|Any CPU
		{1E321DCF-CABE-411B-B64A-EB489970BBBB}.Debug|Any CPU.Build.0 = Debug|Any CPU
		{1E321DCF-CABE-411B-B64A-EB489970BBBB}.Release|Any CPU.ActiveCfg = Release|Any CPU
		{1E321DCF-CABE-411B-B64A-EB489970BBBB}.Release|Any CPU.Build.0 = Release|Any CPU
	EndGlobalSection
	GlobalSection(SolutionProperties) = preSolution
		HideSolutionNode = FALSE
	EndGlobalSection
	GlobalSection(ExtensibilityGlobals) = postSolution
		SolutionGuid = {FCE2AF02-5145-42D2-AF69-3CFF13B9774F}
	EndGlobalSection
EndGlobal
